
Microsoft Visual Studio Solution File, Format Version 12.00
# Visual Studio Version 16
VisualStudioVersion = 16.0.31624.102
MinimumVisualStudioVersion = 10.0.40219.1
Project("{FAE04EC0-301F-11D3-BF4B-00C04F79EFBC}") = "FullStackProject", "FullStackProject\FullStackProject.csproj", "{E963C4F7-368B-483F-8373-AC4E4058B9E1}"
EndProject
Project("{FAE04EC0-301F-11D3-BF4B-00C04F79EFBC}") = "FullStackProject.Backend", "FullStackProject.Backend\FullStackProject.Backend.csproj", "{EABFF3F0-D4A0-448C-81C6-693454F64152}"
EndProject
Project("{FAE04EC0-301F-11D3-BF4B-00C04F79EFBC}") = "FullStackProject.Business", "FullStackProject.Business\FullStackProject.Business.csproj", "{DC99D23B-AF5F-434E-8A98-24498843A19E}"
EndProject
Project("{00D1A9C2-B5F0-4AF3-8072-F6C62B433612}") = "FullStackProject.Database", "FullStackProject.Database\FullStackProject.Database.sqlproj", "{7320259A-CDE8-4321-97D1-83BC36920E9C}"
EndProject
Project("{FAE04EC0-301F-11D3-BF4B-00C04F79EFBC}") = "FullStackProject.DataAccess", "FullStackProject.DataAccess\FullStackProject.DataAccess.csproj", "{5920323D-D01D-436E-B4FF-BB7782A85066}"
EndProject
Global
	GlobalSection(SolutionConfigurationPlatforms) = preSolution
		Debug|Any CPU = Debug|Any CPU
		Release|Any CPU = Release|Any CPU
	EndGlobalSection
	GlobalSection(ProjectConfigurationPlatforms) = postSolution
		{E963C4F7-368B-483F-8373-AC4E4058B9E1}.Debug|Any CPU.ActiveCfg = Debug|Any CPU
		{E963C4F7-368B-483F-8373-AC4E4058B9E1}.Debug|Any CPU.Build.0 = Debug|Any CPU
		{E963C4F7-368B-483F-8373-AC4E4058B9E1}.Release|Any CPU.ActiveCfg = Release|Any CPU
		{E963C4F7-368B-483F-8373-AC4E4058B9E1}.Release|Any CPU.Build.0 = Release|Any CPU
		{EABFF3F0-D4A0-448C-81C6-693454F64152}.Debug|Any CPU.ActiveCfg = Debug|Any CPU
		{EABFF3F0-D4A0-448C-81C6-693454F64152}.Debug|Any CPU.Build.0 = Debug|Any CPU
		{EABFF3F0-D4A0-448C-81C6-693454F64152}.Release|Any CPU.ActiveCfg = Release|Any CPU
		{EABFF3F0-D4A0-448C-81C6-693454F64152}.Release|Any CPU.Build.0 = Release|Any CPU
		{DC99D23B-AF5F-434E-8A98-24498843A19E}.Debug|Any CPU.ActiveCfg = Debug|Any CPU
		{DC99D23B-AF5F-434E-8A98-24498843A19E}.Debug|Any CPU.Build.0 = Debug|Any CPU
		{DC99D23B-AF5F-434E-8A98-24498843A19E}.Release|Any CPU.ActiveCfg = Release|Any CPU
		{DC99D23B-AF5F-434E-8A98-24498843A19E}.Release|Any CPU.Build.0 = Release|Any CPU
		{7320259A-CDE8-4321-97D1-83BC36920E9C}.Debug|Any CPU.ActiveCfg = Debug|Any CPU
		{7320259A-CDE8-4321-97D1-83BC36920E9C}.Debug|Any CPU.Build.0 = Debug|Any CPU
		{7320259A-CDE8-4321-97D1-83BC36920E9C}.Debug|Any CPU.Deploy.0 = Debug|Any CPU
		{7320259A-CDE8-4321-97D1-83BC36920E9C}.Release|Any CPU.ActiveCfg = Release|Any CPU
		{7320259A-CDE8-4321-97D1-83BC36920E9C}.Release|Any CPU.Build.0 = Release|Any CPU
		{7320259A-CDE8-4321-97D1-83BC36920E9C}.Release|Any CPU.Deploy.0 = Release|Any CPU
		{5920323D-D01D-436E-B4FF-BB7782A85066}.Debug|Any CPU.ActiveCfg = Debug|Any CPU
		{5920323D-D01D-436E-B4FF-BB7782A85066}.Debug|Any CPU.Build.0 = Debug|Any CPU
		{5920323D-D01D-436E-B4FF-BB7782A85066}.Release|Any CPU.ActiveCfg = Release|Any CPU
		{5920323D-D01D-436E-B4FF-BB7782A85066}.Release|Any CPU.Build.0 = Release|Any CPU
	EndGlobalSection
	GlobalSection(SolutionProperties) = preSolution
		HideSolutionNode = FALSE
	EndGlobalSection
	GlobalSection(ExtensibilityGlobals) = postSolution
		SolutionGuid = {2BD6A77E-D203-49B5-AA3C-3942EA33357D}
	EndGlobalSection
EndGlobal
